
Microsoft Visual Studio Solution File, Format Version 12.00
# Visual Studio Version 16
VisualStudioVersion = 16.0.31702.278
MinimumVisualStudioVersion = 10.0.40219.1
Project("{FAE04EC0-301F-11D3-BF4B-00C04F79EFBC}") = "SalesWebMVC", "SalesWebMVC\SalesWebMVC.csproj", "{00B438E3-6A6D-413B-9BF1-1976A10BD838}"
EndProject
Global
	GlobalSection(SolutionConfigurationPlatforms) = preSolution
		Debug|Any CPU = Debug|Any CPU
		Release|Any CPU = Release|Any CPU
	EndGlobalSection
	GlobalSection(ProjectConfigurationPlatforms) = postSolution
		{00B438E3-6A6D-413B-9BF1-1976A10BD838}.Debug|Any CPU.ActiveCfg = Debug|Any CPU
		{00B438E3-6A6D-413B-9BF1-1976A10BD838}.Debug|Any CPU.Build.0 = Debug|Any CPU
		{00B438E3-6A6D-413B-9BF1-1976A10BD838}.Release|Any CPU.ActiveCfg = Release|Any CPU
		{00B438E3-6A6D-413B-9BF1-1976A10BD838}.Release|Any CPU.Build.0 = Release|Any CPU
	EndGlobalSection
	GlobalSection(SolutionProperties) = preSolution
		HideSolutionNode = FALSE
	EndGlobalSection
	GlobalSection(ExtensibilityGlobals) = postSolution
		SolutionGuid = {AEFD29C9-9BCD-4485-820F-866A71064A94}
	EndGlobalSection
EndGlobal
